{
  "name": "rustlings",
  "version": "0.0.1",
  "lockfileVersion": 2,
  "requires": true,
  "packages": {
    "": {
      "name": "rustlings",
      "version": "0.0.1",
      "license": "MIT",
      "dependencies": {
        "commander": "^9.4.1"
      },
      "bin": {
        "nrustlings": "bin/rustlings.js"
      },
      "devDependencies": {
        "cargo-cp-artifact": "^0.1"
      }
    },
    "node_modules/cargo-cp-artifact": {
      "version": "0.1.6",
      "resolved": "https://registry.npmjs.org/cargo-cp-artifact/-/cargo-cp-artifact-0.1.6.tgz",
      "integrity": "sha512-CQw0doK/aaF7j041666XzuilHxqMxaKkn+I5vmBsd8SAwS0cO5CqVEVp0xJwOKstyqWZ6WK4Ww3O6p26x/Goyg==",
      "dev": true,
      "bin": {
        "cargo-cp-artifact": "bin/cargo-cp-artifact.js"
      }
    },
    "node_modules/commander": {
      "version": "9.4.1",
      "resolved": "https://registry.npmjs.org/commander/-/commander-9.4.1.tgz",
      "integrity": "sha512-5EEkTNyHNGFPD2H+c/dXXfQZYa/scCKasxWcXJaWnNJ99pnQN9Vnmqow+p+PlFPE63Q6mThaZws1T+HxfpgtPw==",
      "engines": {
        "node": "^12.20.0 || >=14"
      }
    }
  },
  "dependencies": {
    "cargo-cp-artifact": {
      "version": "0.1.6",
      "resolved": "https://registry.npmjs.org/cargo-cp-artifact/-/cargo-cp-artifact-0.1.6.tgz",
      "integrity": "sha512-CQw0doK/aaF7j041666XzuilHxqMxaKkn+I5vmBsd8SAwS0cO5CqVEVp0xJwOKstyqWZ6WK4Ww3O6p26x/Goyg==",
      "dev": true
    },
    "commander": {
      "version": "9.4.1",
      "resolved": "https://registry.npmjs.org/commander/-/commander-9.4.1.tgz",
      "integrity": "sha512-5EEkTNyHNGFPD2H+c/dXXfQZYa/scCKasxWcXJaWnNJ99pnQN9Vnmqow+p+PlFPE63Q6mThaZws1T+HxfpgtPw=="
    }
  }
}
